// !$*UTF8*$!
{
	archiveVersion = 1;
	classes = {
	};
	objectVersion = 46;
	objects = {

/* Begin PBXBuildFile section */
		9F6865291B3C3FA0002C02E4 /* main.m in Sources */ = {isa = PBXBuildFile; fileRef = 9F6865281B3C3FA0002C02E4 /* main.m */; };
		9F68652C1B3C3FA0002C02E4 /* AppDelegate.m in Sources */ = {isa = PBXBuildFile; fileRef = 9F68652B1B3C3FA0002C02E4 /* AppDelegate.m */; };
		9F68652F1B3C3FA0002C02E4 /* ViewController.m in Sources */ = {isa = PBXBuildFile; fileRef = 9F68652E1B3C3FA0002C02E4 /* ViewController.m */; };
		9F6865321B3C3FA0002C02E4 /* Main.storyboard in Resources */ = {isa = PBXBuildFile; fileRef = 9F6865301B3C3FA0002C02E4 /* Main.storyboard */; };
		9F6865341B3C3FA0002C02E4 /* Images.xcassets in Resources */ = {isa = PBXBuildFile; fileRef = 9F6865331B3C3FA0002C02E4 /* Images.xcassets */; };
		9F6865371B3C3FA0002C02E4 /* LaunchScreen.xib in Resources */ = {isa = PBXBuildFile; fileRef = 9F6865351B3C3FA0002C02E4 /* LaunchScreen.xib */; };
		9F6865431B3C3FA0002C02E4 /* TransitEasyTests.m in Sources */ = {isa = PBXBuildFile; fileRef = 9F6865421B3C3FA0002C02E4 /* TransitEasyTests.m */; };
		9F68654E1B3CA18F002C02E4 /* ScheduleTableViewCell.m in Sources */ = {isa = PBXBuildFile; fileRef = 9F68654D1B3CA18F002C02E4 /* ScheduleTableViewCell.m */; };
		9F6865511B3DDFE9002C02E4 /* MetroViewController.m in Sources */ = {isa = PBXBuildFile; fileRef = 9F6865501B3DDFE9002C02E4 /* MetroViewController.m */; };
		9F6865531B3DE503002C02E4 /* Official-Capital-Bikeshare-logo.jpg in Resources */ = {isa = PBXBuildFile; fileRef = 9F6865521B3DE503002C02E4 /* Official-Capital-Bikeshare-logo.jpg */; };
		9F6A94F31B51B9C400277AFD /* 100px-WMATA_Metro_Logo.svg.png in Resources */ = {isa = PBXBuildFile; fileRef = 9F6A94F21B51B9C400277AFD /* 100px-WMATA_Metro_Logo.svg.png */; };
		9F6A94F61B51C2DE00277AFD /* StationsTableViewCell.m in Sources */ = {isa = PBXBuildFile; fileRef = 9F6A94F51B51C2DE00277AFD /* StationsTableViewCell.m */; };
		9F6A94F91B52890B00277AFD /* Station.m in Sources */ = {isa = PBXBuildFile; fileRef = 9F6A94F81B52890B00277AFD /* Station.m */; };
		9F87EC3A1BB0D6AB00D24202 /* NSDateFormatter+STTwitter.m in Sources */ = {isa = PBXBuildFile; fileRef = 9F87EC1B1BB0D6AB00D24202 /* NSDateFormatter+STTwitter.m */; };
		9F87EC3B1BB0D6AB00D24202 /* NSError+STTwitter.m in Sources */ = {isa = PBXBuildFile; fileRef = 9F87EC1D1BB0D6AB00D24202 /* NSError+STTwitter.m */; };
		9F87EC3C1BB0D6AB00D24202 /* NSString+STTwitter.m in Sources */ = {isa = PBXBuildFile; fileRef = 9F87EC1F1BB0D6AB00D24202 /* NSString+STTwitter.m */; };
		9F87EC3D1BB0D6AB00D24202 /* STHTTPRequest+STTwitter.m in Sources */ = {isa = PBXBuildFile; fileRef = 9F87EC211BB0D6AB00D24202 /* STHTTPRequest+STTwitter.m */; };
		9F87EC3E1BB0D6AB00D24202 /* STTwitterAPI.m in Sources */ = {isa = PBXBuildFile; fileRef = 9F87EC241BB0D6AB00D24202 /* STTwitterAPI.m */; };
		9F87EC3F1BB0D6AB00D24202 /* STTwitterAppOnly.m in Sources */ = {isa = PBXBuildFile; fileRef = 9F87EC261BB0D6AB00D24202 /* STTwitterAppOnly.m */; };
		9F87EC401BB0D6AB00D24202 /* STTwitterHTML.m in Sources */ = {isa = PBXBuildFile; fileRef = 9F87EC281BB0D6AB00D24202 /* STTwitterHTML.m */; };
		9F87EC411BB0D6AB00D24202 /* STTwitterOAuth.m in Sources */ = {isa = PBXBuildFile; fileRef = 9F87EC2A1BB0D6AB00D24202 /* STTwitterOAuth.m */; };
		9F87EC421BB0D6AB00D24202 /* STTwitterOS.m in Sources */ = {isa = PBXBuildFile; fileRef = 9F87EC2C1BB0D6AB00D24202 /* STTwitterOS.m */; };
		9F87EC431BB0D6AB00D24202 /* STTwitterOSRequest.m in Sources */ = {isa = PBXBuildFile; fileRef = 9F87EC2E1BB0D6AB00D24202 /* STTwitterOSRequest.m */; };
		9F87EC441BB0D6AB00D24202 /* STTwitterStreamParser.m in Sources */ = {isa = PBXBuildFile; fileRef = 9F87EC321BB0D6AB00D24202 /* STTwitterStreamParser.m */; };
		9F87EC451BB0D6AB00D24202 /* BAVPlistNode.m in Sources */ = {isa = PBXBuildFile; fileRef = 9F87EC351BB0D6AB00D24202 /* BAVPlistNode.m */; };
		9F87EC461BB0D6AB00D24202 /* JSONSyntaxHighlight.m in Sources */ = {isa = PBXBuildFile; fileRef = 9F87EC371BB0D6AB00D24202 /* JSONSyntaxHighlight.m */; };
		9F87EC471BB0D6AB00D24202 /* STHTTPRequest.m in Sources */ = {isa = PBXBuildFile; fileRef = 9F87EC391BB0D6AB00D24202 /* STHTTPRequest.m */; };
		9F87EC491BB0D86500D24202 /* Accounts.framework in Frameworks */ = {isa = PBXBuildFile; fileRef = 9F87EC481BB0D86500D24202 /* Accounts.framework */; };
		9F87EC4B1BB0D86B00D24202 /* Social.framework in Frameworks */ = {isa = PBXBuildFile; fileRef = 9F87EC4A1BB0D86B00D24202 /* Social.framework */; };
		9F87EC4D1BB0D87200D24202 /* Twitter.framework in Frameworks */ = {isa = PBXBuildFile; fileRef = 9F87EC4C1BB0D87200D24202 /* Twitter.framework */; };
		9F87EC4F1BB0D87800D24202 /* Security.framework in Frameworks */ = {isa = PBXBuildFile; fileRef = 9F87EC4E1BB0D87800D24202 /* Security.framework */; };
		9F9ECA131B97C4F70061943D /* TweetCollectionViewCell.m in Sources */ = {isa = PBXBuildFile; fileRef = 9F9ECA121B97C4F70061943D /* TweetCollectionViewCell.m */; };
		9FB027BA1B5EE47E007D0021 /* UIColor+Metro.m in Sources */ = {isa = PBXBuildFile; fileRef = 9FB027B81B5EE47E007D0021 /* UIColor+Metro.m */; };
		9FB0281F1B600A05007D0021 /* new-metro-map.png in Resources */ = {isa = PBXBuildFile; fileRef = 9FB0281E1B600A05007D0021 /* new-metro-map.png */; };
		9FB028241B600F26007D0021 /* MetroMapViewController.m in Sources */ = {isa = PBXBuildFile; fileRef = 9FB028231B600F26007D0021 /* MetroMapViewController.m */; };
		9FB028261B601593007D0021 /* new-metro-map-for-dl1.jpg in Resources */ = {isa = PBXBuildFile; fileRef = 9FB028251B601593007D0021 /* new-metro-map-for-dl1.jpg */; };
		9FB0285B1B62C1C2007D0021 /* Reachability.m in Sources */ = {isa = PBXBuildFile; fileRef = 9FB0285A1B62C1C2007D0021 /* Reachability.m */; };
		9FB028C31B694694007D0021 /* iOS Simulator Screen Shot Jul 29, 2015, 1.34.48 PM.png in Resources */ = {isa = PBXBuildFile; fileRef = 9FB028C21B694694007D0021 /* iOS Simulator Screen Shot Jul 29, 2015, 1.34.48 PM.png */; };
/* End PBXBuildFile section */

/* Begin PBXContainerItemProxy section */
		9F68653D1B3C3FA0002C02E4 /* PBXContainerItemProxy */ = {
			isa = PBXContainerItemProxy;
			containerPortal = 9F68651B1B3C3FA0002C02E4 /* Project object */;
			proxyType = 1;
			remoteGlobalIDString = 9F6865221B3C3FA0002C02E4;
			remoteInfo = TransitEasy;
		};
/* End PBXContainerItemProxy section */

/* Begin PBXFileReference section */
		9F6865231B3C3FA0002C02E4 /* TransitEasy.app */ = {isa = PBXFileReference; explicitFileType = wrapper.application; includeInIndex = 0; path = TransitEasy.app; sourceTree = BUILT_PRODUCTS_DIR; };
		9F6865271B3C3FA0002C02E4 /* Info.plist */ = {isa = PBXFileReference; lastKnownFileType = text.plist.xml; path = Info.plist; sourceTree = "<group>"; };
		9F6865281B3C3FA0002C02E4 /* main.m */ = {isa = PBXFileReference; lastKnownFileType = sourcecode.c.objc; path = main.m; sourceTree = "<group>"; };
		9F68652A1B3C3FA0002C02E4 /* AppDelegate.h */ = {isa = PBXFileReference; lastKnownFileType = sourcecode.c.h; path = AppDelegate.h; sourceTree = "<group>"; };
		9F68652B1B3C3FA0002C02E4 /* AppDelegate.m */ = {isa = PBXFileReference; lastKnownFileType = sourcecode.c.objc; path = AppDelegate.m; sourceTree = "<group>"; };
		9F68652D1B3C3FA0002C02E4 /* ViewController.h */ = {isa = PBXFileReference; lastKnownFileType = sourcecode.c.h; path = ViewController.h; sourceTree = "<group>"; };
		9F68652E1B3C3FA0002C02E4 /* ViewController.m */ = {isa = PBXFileReference; lastKnownFileType = sourcecode.c.objc; path = ViewController.m; sourceTree = "<group>"; };
		9F6865311B3C3FA0002C02E4 /* Base */ = {isa = PBXFileReference; lastKnownFileType = file.storyboard; name = Base; path = Base.lproj/Main.storyboard; sourceTree = "<group>"; };
		9F6865331B3C3FA0002C02E4 /* Images.xcassets */ = {isa = PBXFileReference; lastKnownFileType = folder.assetcatalog; path = Images.xcassets; sourceTree = "<group>"; };
		9F6865361B3C3FA0002C02E4 /* Base */ = {isa = PBXFileReference; lastKnownFileType = file.xib; name = Base; path = Base.lproj/LaunchScreen.xib; sourceTree = "<group>"; };
		9F68653C1B3C3FA0002C02E4 /* TransitEasyTests.xctest */ = {isa = PBXFileReference; explicitFileType = wrapper.cfbundle; includeInIndex = 0; path = TransitEasyTests.xctest; sourceTree = BUILT_PRODUCTS_DIR; };
		9F6865411B3C3FA0002C02E4 /* Info.plist */ = {isa = PBXFileReference; lastKnownFileType = text.plist.xml; path = Info.plist; sourceTree = "<group>"; };
		9F6865421B3C3FA0002C02E4 /* TransitEasyTests.m */ = {isa = PBXFileReference; lastKnownFileType = sourcecode.c.objc; path = TransitEasyTests.m; sourceTree = "<group>"; };
		9F68654C1B3CA18F002C02E4 /* ScheduleTableViewCell.h */ = {isa = PBXFileReference; fileEncoding = 4; lastKnownFileType = sourcecode.c.h; path = ScheduleTableViewCell.h; sourceTree = "<group>"; };
		9F68654D1B3CA18F002C02E4 /* ScheduleTableViewCell.m */ = {isa = PBXFileReference; fileEncoding = 4; lastKnownFileType = sourcecode.c.objc; path = ScheduleTableViewCell.m; sourceTree = "<group>"; };
		9F68654F1B3DDFE9002C02E4 /* MetroViewController.h */ = {isa = PBXFileReference; fileEncoding = 4; lastKnownFileType = sourcecode.c.h; path = MetroViewController.h; sourceTree = "<group>"; };
		9F6865501B3DDFE9002C02E4 /* MetroViewController.m */ = {isa = PBXFileReference; fileEncoding = 4; lastKnownFileType = sourcecode.c.objc; path = MetroViewController.m; sourceTree = "<group>"; };
		9F6865521B3DE503002C02E4 /* Official-Capital-Bikeshare-logo.jpg */ = {isa = PBXFileReference; lastKnownFileType = image.jpeg; path = "Official-Capital-Bikeshare-logo.jpg"; sourceTree = "<group>"; };
		9F6A94F21B51B9C400277AFD /* 100px-WMATA_Metro_Logo.svg.png */ = {isa = PBXFileReference; lastKnownFileType = image.png; path = "100px-WMATA_Metro_Logo.svg.png"; sourceTree = "<group>"; };
		9F6A94F41B51C2DE00277AFD /* StationsTableViewCell.h */ = {isa = PBXFileReference; fileEncoding = 4; lastKnownFileType = sourcecode.c.h; path = StationsTableViewCell.h; sourceTree = "<group>"; };
		9F6A94F51B51C2DE00277AFD /* StationsTableViewCell.m */ = {isa = PBXFileReference; fileEncoding = 4; lastKnownFileType = sourcecode.c.objc; path = StationsTableViewCell.m; sourceTree = "<group>"; };
		9F6A94F71B52890B00277AFD /* Station.h */ = {isa = PBXFileReference; fileEncoding = 4; lastKnownFileType = sourcecode.c.h; path = Station.h; sourceTree = "<group>"; };
		9F6A94F81B52890B00277AFD /* Station.m */ = {isa = PBXFileReference; fileEncoding = 4; lastKnownFileType = sourcecode.c.objc; path = Station.m; sourceTree = "<group>"; };
		9F87EC1A1BB0D6AB00D24202 /* NSDateFormatter+STTwitter.h */ = {isa = PBXFileReference; fileEncoding = 4; lastKnownFileType = sourcecode.c.h; path = "NSDateFormatter+STTwitter.h"; sourceTree = "<group>"; };
		9F87EC1B1BB0D6AB00D24202 /* NSDateFormatter+STTwitter.m */ = {isa = PBXFileReference; fileEncoding = 4; lastKnownFileType = sourcecode.c.objc; path = "NSDateFormatter+STTwitter.m"; sourceTree = "<group>"; };
		9F87EC1C1BB0D6AB00D24202 /* NSError+STTwitter.h */ = {isa = PBXFileReference; fileEncoding = 4; lastKnownFileType = sourcecode.c.h; path = "NSError+STTwitter.h"; sourceTree = "<group>"; };
		9F87EC1D1BB0D6AB00D24202 /* NSError+STTwitter.m */ = {isa = PBXFileReference; fileEncoding = 4; lastKnownFileType = sourcecode.c.objc; path = "NSError+STTwitter.m"; sourceTree = "<group>"; };
		9F87EC1E1BB0D6AB00D24202 /* NSString+STTwitter.h */ = {isa = PBXFileReference; fileEncoding = 4; lastKnownFileType = sourcecode.c.h; path = "NSString+STTwitter.h"; sourceTree = "<group>"; };
		9F87EC1F1BB0D6AB00D24202 /* NSString+STTwitter.m */ = {isa = PBXFileReference; fileEncoding = 4; lastKnownFileType = sourcecode.c.objc; path = "NSString+STTwitter.m"; sourceTree = "<group>"; };
		9F87EC201BB0D6AB00D24202 /* STHTTPRequest+STTwitter.h */ = {isa = PBXFileReference; fileEncoding = 4; lastKnownFileType = sourcecode.c.h; path = "STHTTPRequest+STTwitter.h"; sourceTree = "<group>"; };
		9F87EC211BB0D6AB00D24202 /* STHTTPRequest+STTwitter.m */ = {isa = PBXFileReference; fileEncoding = 4; lastKnownFileType = sourcecode.c.objc; path = "STHTTPRequest+STTwitter.m"; sourceTree = "<group>"; };
		9F87EC221BB0D6AB00D24202 /* STTwitter.h */ = {isa = PBXFileReference; fileEncoding = 4; lastKnownFileType = sourcecode.c.h; path = STTwitter.h; sourceTree = "<group>"; };
		9F87EC231BB0D6AB00D24202 /* STTwitterAPI.h */ = {isa = PBXFileReference; fileEncoding = 4; lastKnownFileType = sourcecode.c.h; path = STTwitterAPI.h; sourceTree = "<group>"; };
		9F87EC241BB0D6AB00D24202 /* STTwitterAPI.m */ = {isa = PBXFileReference; fileEncoding = 4; lastKnownFileType = sourcecode.c.objc; path = STTwitterAPI.m; sourceTree = "<group>"; };
		9F87EC251BB0D6AB00D24202 /* STTwitterAppOnly.h */ = {isa = PBXFileReference; fileEncoding = 4; lastKnownFileType = sourcecode.c.h; path = STTwitterAppOnly.h; sourceTree = "<group>"; };
		9F87EC261BB0D6AB00D24202 /* STTwitterAppOnly.m */ = {isa = PBXFileReference; fileEncoding = 4; lastKnownFileType = sourcecode.c.objc; path = STTwitterAppOnly.m; sourceTree = "<group>"; };
		9F87EC271BB0D6AB00D24202 /* STTwitterHTML.h */ = {isa = PBXFileReference; fileEncoding = 4; lastKnownFileType = sourcecode.c.h; path = STTwitterHTML.h; sourceTree = "<group>"; };
		9F87EC281BB0D6AB00D24202 /* STTwitterHTML.m */ = {isa = PBXFileReference; fileEncoding = 4; lastKnownFileType = sourcecode.c.objc; path = STTwitterHTML.m; sourceTree = "<group>"; };
		9F87EC291BB0D6AB00D24202 /* STTwitterOAuth.h */ = {isa = PBXFileReference; fileEncoding = 4; lastKnownFileType = sourcecode.c.h; path = STTwitterOAuth.h; sourceTree = "<group>"; };
		9F87EC2A1BB0D6AB00D24202 /* STTwitterOAuth.m */ = {isa = PBXFileReference; fileEncoding = 4; lastKnownFileType = sourcecode.c.objc; path = STTwitterOAuth.m; sourceTree = "<group>"; };
		9F87EC2B1BB0D6AB00D24202 /* STTwitterOS.h */ = {isa = PBXFileReference; fileEncoding = 4; lastKnownFileType = sourcecode.c.h; path = STTwitterOS.h; sourceTree = "<group>"; };
		9F87EC2C1BB0D6AB00D24202 /* STTwitterOS.m */ = {isa = PBXFileReference; fileEncoding = 4; lastKnownFileType = sourcecode.c.objc; path = STTwitterOS.m; sourceTree = "<group>"; };
		9F87EC2D1BB0D6AB00D24202 /* STTwitterOSRequest.h */ = {isa = PBXFileReference; fileEncoding = 4; lastKnownFileType = sourcecode.c.h; path = STTwitterOSRequest.h; sourceTree = "<group>"; };
		9F87EC2E1BB0D6AB00D24202 /* STTwitterOSRequest.m */ = {isa = PBXFileReference; fileEncoding = 4; lastKnownFileType = sourcecode.c.objc; path = STTwitterOSRequest.m; sourceTree = "<group>"; };
		9F87EC2F1BB0D6AB00D24202 /* STTwitterProtocol.h */ = {isa = PBXFileReference; fileEncoding = 4; lastKnownFileType = sourcecode.c.h; path = STTwitterProtocol.h; sourceTree = "<group>"; };
		9F87EC301BB0D6AB00D24202 /* STTwitterRequestProtocol.h */ = {isa = PBXFileReference; fileEncoding = 4; lastKnownFileType = sourcecode.c.h; path = STTwitterRequestProtocol.h; sourceTree = "<group>"; };
		9F87EC311BB0D6AB00D24202 /* STTwitterStreamParser.h */ = {isa = PBXFileReference; fileEncoding = 4; lastKnownFileType = sourcecode.c.h; path = STTwitterStreamParser.h; sourceTree = "<group>"; };
		9F87EC321BB0D6AB00D24202 /* STTwitterStreamParser.m */ = {isa = PBXFileReference; fileEncoding = 4; lastKnownFileType = sourcecode.c.objc; path = STTwitterStreamParser.m; sourceTree = "<group>"; };
		9F87EC341BB0D6AB00D24202 /* BAVPlistNode.h */ = {isa = PBXFileReference; fileEncoding = 4; lastKnownFileType = sourcecode.c.h; path = BAVPlistNode.h; sourceTree = "<group>"; };
		9F87EC351BB0D6AB00D24202 /* BAVPlistNode.m */ = {isa = PBXFileReference; fileEncoding = 4; lastKnownFileType = sourcecode.c.objc; path = BAVPlistNode.m; sourceTree = "<group>"; };
		9F87EC361BB0D6AB00D24202 /* JSONSyntaxHighlight.h */ = {isa = PBXFileReference; fileEncoding = 4; lastKnownFileType = sourcecode.c.h; path = JSONSyntaxHighlight.h; sourceTree = "<group>"; };
		9F87EC371BB0D6AB00D24202 /* JSONSyntaxHighlight.m */ = {isa = PBXFileReference; fileEncoding = 4; lastKnownFileType = sourcecode.c.objc; path = JSONSyntaxHighlight.m; sourceTree = "<group>"; };
		9F87EC381BB0D6AB00D24202 /* STHTTPRequest.h */ = {isa = PBXFileReference; fileEncoding = 4; lastKnownFileType = sourcecode.c.h; path = STHTTPRequest.h; sourceTree = "<group>"; };
		9F87EC391BB0D6AB00D24202 /* STHTTPRequest.m */ = {isa = PBXFileReference; fileEncoding = 4; lastKnownFileType = sourcecode.c.objc; path = STHTTPRequest.m; sourceTree = "<group>"; };
		9F87EC481BB0D86500D24202 /* Accounts.framework */ = {isa = PBXFileReference; lastKnownFileType = wrapper.framework; name = Accounts.framework; path = System/Library/Frameworks/Accounts.framework; sourceTree = SDKROOT; };
		9F87EC4A1BB0D86B00D24202 /* Social.framework */ = {isa = PBXFileReference; lastKnownFileType = wrapper.framework; name = Social.framework; path = System/Library/Frameworks/Social.framework; sourceTree = SDKROOT; };
		9F87EC4C1BB0D87200D24202 /* Twitter.framework */ = {isa = PBXFileReference; lastKnownFileType = wrapper.framework; name = Twitter.framework; path = System/Library/Frameworks/Twitter.framework; sourceTree = SDKROOT; };
		9F87EC4E1BB0D87800D24202 /* Security.framework */ = {isa = PBXFileReference; lastKnownFileType = wrapper.framework; name = Security.framework; path = System/Library/Frameworks/Security.framework; sourceTree = SDKROOT; };
		9F9ECA111B97C4F70061943D /* TweetCollectionViewCell.h */ = {isa = PBXFileReference; fileEncoding = 4; lastKnownFileType = sourcecode.c.h; path = TweetCollectionViewCell.h; sourceTree = "<group>"; };
		9F9ECA121B97C4F70061943D /* TweetCollectionViewCell.m */ = {isa = PBXFileReference; fileEncoding = 4; lastKnownFileType = sourcecode.c.objc; path = TweetCollectionViewCell.m; sourceTree = "<group>"; };
		9FB027B81B5EE47E007D0021 /* UIColor+Metro.m */ = {isa = PBXFileReference; fileEncoding = 4; lastKnownFileType = sourcecode.c.objc; path = "UIColor+Metro.m"; sourceTree = "<group>"; };
		9FB027B91B5EE47E007D0021 /* UIColor+Metro.h */ = {isa = PBXFileReference; fileEncoding = 4; lastKnownFileType = sourcecode.c.h; path = "UIColor+Metro.h"; sourceTree = "<group>"; };
		9FB0281E1B600A05007D0021 /* new-metro-map.png */ = {isa = PBXFileReference; lastKnownFileType = image.png; name = "new-metro-map.png"; path = "../new-metro-map.png"; sourceTree = "<group>"; };
		9FB028221B600F26007D0021 /* MetroMapViewController.h */ = {isa = PBXFileReference; fileEncoding = 4; lastKnownFileType = sourcecode.c.h; path = MetroMapViewController.h; sourceTree = "<group>"; };
		9FB028231B600F26007D0021 /* MetroMapViewController.m */ = {isa = PBXFileReference; fileEncoding = 4; lastKnownFileType = sourcecode.c.objc; path = MetroMapViewController.m; sourceTree = "<group>"; };
		9FB028251B601593007D0021 /* new-metro-map-for-dl1.jpg */ = {isa = PBXFileReference; lastKnownFileType = image.jpeg; name = "new-metro-map-for-dl1.jpg"; path = "../new-metro-map-for-dl1.jpg"; sourceTree = "<group>"; };
		9FB028591B62C1C2007D0021 /* Reachability.h */ = {isa = PBXFileReference; fileEncoding = 4; lastKnownFileType = sourcecode.c.h; path = Reachability.h; sourceTree = "<group>"; };
		9FB0285A1B62C1C2007D0021 /* Reachability.m */ = {isa = PBXFileReference; fileEncoding = 4; lastKnownFileType = sourcecode.c.objc; path = Reachability.m; sourceTree = "<group>"; };
		9FB028C21B694694007D0021 /* iOS Simulator Screen Shot Jul 29, 2015, 1.34.48 PM.png */ = {isa = PBXFileReference; lastKnownFileType = image.png; path = "iOS Simulator Screen Shot Jul 29, 2015, 1.34.48 PM.png"; sourceTree = "<group>"; };
/* End PBXFileReference section */

/* Begin PBXFrameworksBuildPhase section */
		9F6865201B3C3FA0002C02E4 /* Frameworks */ = {
			isa = PBXFrameworksBuildPhase;
			buildActionMask = 2147483647;
			files = (
				9F87EC4F1BB0D87800D24202 /* Security.framework in Frameworks */,
				9F87EC4D1BB0D87200D24202 /* Twitter.framework in Frameworks */,
				9F87EC4B1BB0D86B00D24202 /* Social.framework in Frameworks */,
				9F87EC491BB0D86500D24202 /* Accounts.framework in Frameworks */,
			);
			runOnlyForDeploymentPostprocessing = 0;
		};
		9F6865391B3C3FA0002C02E4 /* Frameworks */ = {
			isa = PBXFrameworksBuildPhase;
			buildActionMask = 2147483647;
			files = (
			);
			runOnlyForDeploymentPostprocessing = 0;
		};
/* End PBXFrameworksBuildPhase section */

/* Begin PBXGroup section */
		9F68651A1B3C3FA0002C02E4 = {
			isa = PBXGroup;
			children = (
				9F6865251B3C3FA0002C02E4 /* TransitEasy */,
				9F68653F1B3C3FA0002C02E4 /* TransitEasyTests */,
				9F6865241B3C3FA0002C02E4 /* Products */,
			);
			sourceTree = "<group>";
		};
		9F6865241B3C3FA0002C02E4 /* Products */ = {
			isa = PBXGroup;
			children = (
				9F6865231B3C3FA0002C02E4 /* TransitEasy.app */,
				9F68653C1B3C3FA0002C02E4 /* TransitEasyTests.xctest */,
			);
			name = Products;
			sourceTree = "<group>";
		};
		9F6865251B3C3FA0002C02E4 /* TransitEasy */ = {
			isa = PBXGroup;
			children = (
				9F68652A1B3C3FA0002C02E4 /* AppDelegate.h */,
				9F68652B1B3C3FA0002C02E4 /* AppDelegate.m */,
				9F9ECA0E1B8CFEB30061943D /* View Controllers */,
				9F6A94F71B52890B00277AFD /* Station.h */,
				9F6A94F81B52890B00277AFD /* Station.m */,
				9F87EC191BB0D6AB00D24202 /* STTwitter */,
				9F87EC511BB0E47900D24202 /* Custom CollectionView Cells */,
				9F9ECA0F1B8CFEC00061943D /* Custom TableView Cells */,
				9F6865301B3C3FA0002C02E4 /* Main.storyboard */,
				9F87EC501BB0D8D600D24202 /* Frameworks */,
				9F9ECA101B8E1ECF0061943D /* Reachability */,
				9F6A94FA1B5296E300277AFD /* Images */,
				9F6865331B3C3FA0002C02E4 /* Images.xcassets */,
				9FB027B81B5EE47E007D0021 /* UIColor+Metro.m */,
				9FB027B91B5EE47E007D0021 /* UIColor+Metro.h */,
				9F6865351B3C3FA0002C02E4 /* LaunchScreen.xib */,
				9FB028C21B694694007D0021 /* iOS Simulator Screen Shot Jul 29, 2015, 1.34.48 PM.png */,
				9F6865261B3C3FA0002C02E4 /* Supporting Files */,
			);
			path = TransitEasy;
			sourceTree = "<group>";
		};
		9F6865261B3C3FA0002C02E4 /* Supporting Files */ = {
			isa = PBXGroup;
			children = (
				9F6865271B3C3FA0002C02E4 /* Info.plist */,
				9F6865281B3C3FA0002C02E4 /* main.m */,
			);
			name = "Supporting Files";
			sourceTree = "<group>";
		};
		9F68653F1B3C3FA0002C02E4 /* TransitEasyTests */ = {
			isa = PBXGroup;
			children = (
				9F6865421B3C3FA0002C02E4 /* TransitEasyTests.m */,
				9F6865401B3C3FA0002C02E4 /* Supporting Files */,
			);
			path = TransitEasyTests;
			sourceTree = "<group>";
		};
		9F6865401B3C3FA0002C02E4 /* Supporting Files */ = {
			isa = PBXGroup;
			children = (
				9F6865411B3C3FA0002C02E4 /* Info.plist */,
			);
			name = "Supporting Files";
			sourceTree = "<group>";
		};
		9F6A94FA1B5296E300277AFD /* Images */ = {
			isa = PBXGroup;
			children = (
				9FB0281E1B600A05007D0021 /* new-metro-map.png */,
				9FB028251B601593007D0021 /* new-metro-map-for-dl1.jpg */,
				9F6A94F21B51B9C400277AFD /* 100px-WMATA_Metro_Logo.svg.png */,
				9F6865521B3DE503002C02E4 /* Official-Capital-Bikeshare-logo.jpg */,
			);
			name = Images;
			sourceTree = "<group>";
		};
		9F87EC191BB0D6AB00D24202 /* STTwitter */ = {
			isa = PBXGroup;
			children = (
				9F87EC1A1BB0D6AB00D24202 /* NSDateFormatter+STTwitter.h */,
				9F87EC1B1BB0D6AB00D24202 /* NSDateFormatter+STTwitter.m */,
				9F87EC1C1BB0D6AB00D24202 /* NSError+STTwitter.h */,
				9F87EC1D1BB0D6AB00D24202 /* NSError+STTwitter.m */,
				9F87EC1E1BB0D6AB00D24202 /* NSString+STTwitter.h */,
				9F87EC1F1BB0D6AB00D24202 /* NSString+STTwitter.m */,
				9F87EC201BB0D6AB00D24202 /* STHTTPRequest+STTwitter.h */,
				9F87EC211BB0D6AB00D24202 /* STHTTPRequest+STTwitter.m */,
				9F87EC221BB0D6AB00D24202 /* STTwitter.h */,
				9F87EC231BB0D6AB00D24202 /* STTwitterAPI.h */,
				9F87EC241BB0D6AB00D24202 /* STTwitterAPI.m */,
				9F87EC251BB0D6AB00D24202 /* STTwitterAppOnly.h */,
				9F87EC261BB0D6AB00D24202 /* STTwitterAppOnly.m */,
				9F87EC271BB0D6AB00D24202 /* STTwitterHTML.h */,
				9F87EC281BB0D6AB00D24202 /* STTwitterHTML.m */,
				9F87EC291BB0D6AB00D24202 /* STTwitterOAuth.h */,
				9F87EC2A1BB0D6AB00D24202 /* STTwitterOAuth.m */,
				9F87EC2B1BB0D6AB00D24202 /* STTwitterOS.h */,
				9F87EC2C1BB0D6AB00D24202 /* STTwitterOS.m */,
				9F87EC2D1BB0D6AB00D24202 /* STTwitterOSRequest.h */,
				9F87EC2E1BB0D6AB00D24202 /* STTwitterOSRequest.m */,
				9F87EC2F1BB0D6AB00D24202 /* STTwitterProtocol.h */,
				9F87EC301BB0D6AB00D24202 /* STTwitterRequestProtocol.h */,
				9F87EC311BB0D6AB00D24202 /* STTwitterStreamParser.h */,
				9F87EC321BB0D6AB00D24202 /* STTwitterStreamParser.m */,
				9F87EC331BB0D6AB00D24202 /* Vendor */,
			);
			path = STTwitter;
			sourceTree = "<group>";
		};
		9F87EC331BB0D6AB00D24202 /* Vendor */ = {
			isa = PBXGroup;
			children = (
				9F87EC341BB0D6AB00D24202 /* BAVPlistNode.h */,
				9F87EC351BB0D6AB00D24202 /* BAVPlistNode.m */,
				9F87EC361BB0D6AB00D24202 /* JSONSyntaxHighlight.h */,
				9F87EC371BB0D6AB00D24202 /* JSONSyntaxHighlight.m */,
				9F87EC381BB0D6AB00D24202 /* STHTTPRequest.h */,
				9F87EC391BB0D6AB00D24202 /* STHTTPRequest.m */,
			);
			path = Vendor;
			sourceTree = "<group>";
		};
		9F87EC501BB0D8D600D24202 /* Frameworks */ = {
			isa = PBXGroup;
			children = (
				9F87EC4E1BB0D87800D24202 /* Security.framework */,
				9F87EC4C1BB0D87200D24202 /* Twitter.framework */,
				9F87EC4A1BB0D86B00D24202 /* Social.framework */,
				9F87EC481BB0D86500D24202 /* Accounts.framework */,
			);
			name = Frameworks;
			path = ..;
			sourceTree = "<group>";
		};
		9F87EC511BB0E47900D24202 /* Custom CollectionView Cells */ = {
			isa = PBXGroup;
			children = (
				9F9ECA111B97C4F70061943D /* TweetCollectionViewCell.h */,
				9F9ECA121B97C4F70061943D /* TweetCollectionViewCell.m */,
			);
			name = "Custom CollectionView Cells";
			sourceTree = "<group>";
		};
		9F9ECA0E1B8CFEB30061943D /* View Controllers */ = {
			isa = PBXGroup;
			children = (
				9F68652D1B3C3FA0002C02E4 /* ViewController.h */,
				9F68652E1B3C3FA0002C02E4 /* ViewController.m */,
				9F68654F1B3DDFE9002C02E4 /* MetroViewController.h */,
				9F6865501B3DDFE9002C02E4 /* MetroViewController.m */,
				9FB028221B600F26007D0021 /* MetroMapViewController.h */,
				9FB028231B600F26007D0021 /* MetroMapViewController.m */,
			);
			name = "View Controllers";
			sourceTree = "<group>";
		};
		9F9ECA0F1B8CFEC00061943D /* Custom TableView Cells */ = {
			isa = PBXGroup;
			children = (
				9F68654C1B3CA18F002C02E4 /* ScheduleTableViewCell.h */,
				9F68654D1B3CA18F002C02E4 /* ScheduleTableViewCell.m */,
				9F6A94F41B51C2DE00277AFD /* StationsTableViewCell.h */,
				9F6A94F51B51C2DE00277AFD /* StationsTableViewCell.m */,
			);
			name = "Custom TableView Cells";
			sourceTree = "<group>";
		};
		9F9ECA101B8E1ECF0061943D /* Reachability */ = {
			isa = PBXGroup;
			children = (
				9FB028591B62C1C2007D0021 /* Reachability.h */,
				9FB0285A1B62C1C2007D0021 /* Reachability.m */,
			);
			name = Reachability;
			sourceTree = "<group>";
		};
/* End PBXGroup section */

/* Begin PBXNativeTarget section */
		9F6865221B3C3FA0002C02E4 /* TransitEasy */ = {
			isa = PBXNativeTarget;
			buildConfigurationList = 9F6865461B3C3FA0002C02E4 /* Build configuration list for PBXNativeTarget "TransitEasy" */;
			buildPhases = (
				9F68651F1B3C3FA0002C02E4 /* Sources */,
				9F6865201B3C3FA0002C02E4 /* Frameworks */,
				9F6865211B3C3FA0002C02E4 /* Resources */,
			);
			buildRules = (
			);
			dependencies = (
			);
			name = TransitEasy;
			productName = TransitEasy;
			productReference = 9F6865231B3C3FA0002C02E4 /* TransitEasy.app */;
			productType = "com.apple.product-type.application";
		};
		9F68653B1B3C3FA0002C02E4 /* TransitEasyTests */ = {
			isa = PBXNativeTarget;
			buildConfigurationList = 9F6865491B3C3FA0002C02E4 /* Build configuration list for PBXNativeTarget "TransitEasyTests" */;
			buildPhases = (
				9F6865381B3C3FA0002C02E4 /* Sources */,
				9F6865391B3C3FA0002C02E4 /* Frameworks */,
				9F68653A1B3C3FA0002C02E4 /* Resources */,
			);
			buildRules = (
			);
			dependencies = (
				9F68653E1B3C3FA0002C02E4 /* PBXTargetDependency */,
			);
			name = TransitEasyTests;
			productName = TransitEasyTests;
			productReference = 9F68653C1B3C3FA0002C02E4 /* TransitEasyTests.xctest */;
			productType = "com.apple.product-type.bundle.unit-test";
		};
/* End PBXNativeTarget section */

/* Begin PBXProject section */
		9F68651B1B3C3FA0002C02E4 /* Project object */ = {
			isa = PBXProject;
			attributes = {
				LastUpgradeCheck = 0630;
				ORGANIZATIONNAME = DustinHennessy;
				TargetAttributes = {
					9F6865221B3C3FA0002C02E4 = {
						CreatedOnToolsVersion = 6.3.2;
					};
					9F68653B1B3C3FA0002C02E4 = {
						CreatedOnToolsVersion = 6.3.2;
						TestTargetID = 9F6865221B3C3FA0002C02E4;
					};
				};
			};
			buildConfigurationList = 9F68651E1B3C3FA0002C02E4 /* Build configuration list for PBXProject "TransitEasy" */;
			compatibilityVersion = "Xcode 3.2";
			developmentRegion = English;
			hasScannedForEncodings = 0;
			knownRegions = (
				en,
				Base,
				_en,
			);
			mainGroup = 9F68651A1B3C3FA0002C02E4;
			productRefGroup = 9F6865241B3C3FA0002C02E4 /* Products */;
			projectDirPath = "";
			projectRoot = "";
			targets = (
				9F6865221B3C3FA0002C02E4 /* TransitEasy */,
				9F68653B1B3C3FA0002C02E4 /* TransitEasyTests */,
			);
		};
/* End PBXProject section */

/* Begin PBXResourcesBuildPhase section */
		9F6865211B3C3FA0002C02E4 /* Resources */ = {
			isa = PBXResourcesBuildPhase;
			buildActionMask = 2147483647;
			files = (
				9F6865321B3C3FA0002C02E4 /* Main.storyboard in Resources */,
				9FB028261B601593007D0021 /* new-metro-map-for-dl1.jpg in Resources */,
				9F6865371B3C3FA0002C02E4 /* LaunchScreen.xib in Resources */,
				9F6865341B3C3FA0002C02E4 /* Images.xcassets in Resources */,
				9F6865531B3DE503002C02E4 /* Official-Capital-Bikeshare-logo.jpg in Resources */,
				9FB028C31B694694007D0021 /* iOS Simulator Screen Shot Jul 29, 2015, 1.34.48 PM.png in Resources */,
				9F6A94F31B51B9C400277AFD /* 100px-WMATA_Metro_Logo.svg.png in Resources */,
				9FB0281F1B600A05007D0021 /* new-metro-map.png in Resources */,
			);
			runOnlyForDeploymentPostprocessing = 0;
		};
		9F68653A1B3C3FA0002C02E4 /* Resources */ = {
			isa = PBXResourcesBuildPhase;
			buildActionMask = 2147483647;
			files = (
			);
			runOnlyForDeploymentPostprocessing = 0;
		};
/* End PBXResourcesBuildPhase section */

/* Begin PBXSourcesBuildPhase section */
		9F68651F1B3C3FA0002C02E4 /* Sources */ = {
			isa = PBXSourcesBuildPhase;
			buildActionMask = 2147483647;
			files = (
				9F87EC3C1BB0D6AB00D24202 /* NSString+STTwitter.m in Sources */,
				9F87EC441BB0D6AB00D24202 /* STTwitterStreamParser.m in Sources */,
				9F87EC3F1BB0D6AB00D24202 /* STTwitterAppOnly.m in Sources */,
				9FB028241B600F26007D0021 /* MetroMapViewController.m in Sources */,
				9F87EC411BB0D6AB00D24202 /* STTwitterOAuth.m in Sources */,
				9F6A94F61B51C2DE00277AFD /* StationsTableViewCell.m in Sources */,
				9F87EC3A1BB0D6AB00D24202 /* NSDateFormatter+STTwitter.m in Sources */,
				9FB027BA1B5EE47E007D0021 /* UIColor+Metro.m in Sources */,
				9F68652F1B3C3FA0002C02E4 /* ViewController.m in Sources */,
				9F87EC421BB0D6AB00D24202 /* STTwitterOS.m in Sources */,
				9FB0285B1B62C1C2007D0021 /* Reachability.m in Sources */,
				9F87EC3B1BB0D6AB00D24202 /* NSError+STTwitter.m in Sources */,
				9F87EC451BB0D6AB00D24202 /* BAVPlistNode.m in Sources */,
				9F68652C1B3C3FA0002C02E4 /* AppDelegate.m in Sources */,
				9F6865511B3DDFE9002C02E4 /* MetroViewController.m in Sources */,
				9F87EC431BB0D6AB00D24202 /* STTwitterOSRequest.m in Sources */,
				9F68654E1B3CA18F002C02E4 /* ScheduleTableViewCell.m in Sources */,
				9F87EC461BB0D6AB00D24202 /* JSONSyntaxHighlight.m in Sources */,
				9F9ECA131B97C4F70061943D /* TweetCollectionViewCell.m in Sources */,
				9F6A94F91B52890B00277AFD /* Station.m in Sources */,
				9F87EC3E1BB0D6AB00D24202 /* STTwitterAPI.m in Sources */,
				9F87EC401BB0D6AB00D24202 /* STTwitterHTML.m in Sources */,
				9F6865291B3C3FA0002C02E4 /* main.m in Sources */,
				9F87EC471BB0D6AB00D24202 /* STHTTPRequest.m in Sources */,
				9F87EC3D1BB0D6AB00D24202 /* STHTTPRequest+STTwitter.m in Sources */,
			);
			runOnlyForDeploymentPostprocessing = 0;
		};
		9F6865381B3C3FA0002C02E4 /* Sources */ = {
			isa = PBXSourcesBuildPhase;
			buildActionMask = 2147483647;
			files = (
				9F6865431B3C3FA0002C02E4 /* TransitEasyTests.m in Sources */,
			);
			runOnlyForDeploymentPostprocessing = 0;
		};
/* End PBXSourcesBuildPhase section */

/* Begin PBXTargetDependency section */
		9F68653E1B3C3FA0002C02E4 /* PBXTargetDependency */ = {
			isa = PBXTargetDependency;
			target = 9F6865221B3C3FA0002C02E4 /* TransitEasy */;
			targetProxy = 9F68653D1B3C3FA0002C02E4 /* PBXContainerItemProxy */;
		};
/* End PBXTargetDependency section */

/* Begin PBXVariantGroup section */
		9F6865301B3C3FA0002C02E4 /* Main.storyboard */ = {
			isa = PBXVariantGroup;
			children = (
				9F6865311B3C3FA0002C02E4 /* Base */,
			);
			name = Main.storyboard;
			sourceTree = "<group>";
		};
		9F6865351B3C3FA0002C02E4 /* LaunchScreen.xib */ = {
			isa = PBXVariantGroup;
			children = (
				9F6865361B3C3FA0002C02E4 /* Base */,
			);
			name = LaunchScreen.xib;
			sourceTree = "<group>";
		};
/* End PBXVariantGroup section */

/* Begin XCBuildConfiguration section */
		9F6865441B3C3FA0002C02E4 /* Debug */ = {
			isa = XCBuildConfiguration;
			buildSettings = {
				ALWAYS_SEARCH_USER_PATHS = NO;
				CLANG_CXX_LANGUAGE_STANDARD = "gnu++0x";
				CLANG_CXX_LIBRARY = "libc++";
				CLANG_ENABLE_MODULES = YES;
				CLANG_ENABLE_OBJC_ARC = YES;
				CLANG_WARN_BOOL_CONVERSION = YES;
				CLANG_WARN_CONSTANT_CONVERSION = YES;
				CLANG_WARN_DIRECT_OBJC_ISA_USAGE = YES_ERROR;
				CLANG_WARN_EMPTY_BODY = YES;
				CLANG_WARN_ENUM_CONVERSION = YES;
				CLANG_WARN_INT_CONVERSION = YES;
				CLANG_WARN_OBJC_ROOT_CLASS = YES_ERROR;
				CLANG_WARN_UNREACHABLE_CODE = YES;
				CLANG_WARN__DUPLICATE_METHOD_MATCH = YES;
				"CODE_SIGN_IDENTITY[sdk=iphoneos*]" = "iPhone Developer";
				COPY_PHASE_STRIP = NO;
				DEBUG_INFORMATION_FORMAT = "dwarf-with-dsym";
				ENABLE_STRICT_OBJC_MSGSEND = YES;
				GCC_C_LANGUAGE_STANDARD = gnu99;
				GCC_DYNAMIC_NO_PIC = NO;
				GCC_NO_COMMON_BLOCKS = YES;
				GCC_OPTIMIZATION_LEVEL = 0;
				GCC_PREPROCESSOR_DEFINITIONS = (
					"DEBUG=1",
					"$(inherited)",
				);
				GCC_SYMBOLS_PRIVATE_EXTERN = NO;
				GCC_WARN_64_TO_32_BIT_CONVERSION = YES;
				GCC_WARN_ABOUT_RETURN_TYPE = YES_ERROR;
				GCC_WARN_UNDECLARED_SELECTOR = YES;
				GCC_WARN_UNINITIALIZED_AUTOS = YES_AGGRESSIVE;
				GCC_WARN_UNUSED_FUNCTION = YES;
				GCC_WARN_UNUSED_VARIABLE = YES;
				IPHONEOS_DEPLOYMENT_TARGET = 8.3;
				MTL_ENABLE_DEBUG_INFO = YES;
				ONLY_ACTIVE_ARCH = YES;
				SDKROOT = iphoneos;
			};
			name = Debug;
		};
		9F6865451B3C3FA0002C02E4 /* Release */ = {
			isa = XCBuildConfiguration;
			buildSettings = {
				ALWAYS_SEARCH_USER_PATHS = NO;
				CLANG_CXX_LANGUAGE_STANDARD = "gnu++0x";
				CLANG_CXX_LIBRARY = "libc++";
				CLANG_ENABLE_MODULES = YES;
				CLANG_ENABLE_OBJC_ARC = YES;
				CLANG_WARN_BOOL_CONVERSION = YES;
				CLANG_WARN_CONSTANT_CONVERSION = YES;
				CLANG_WARN_DIRECT_OBJC_ISA_USAGE = YES_ERROR;
				CLANG_WARN_EMPTY_BODY = YES;
				CLANG_WARN_ENUM_CONVERSION = YES;
				CLANG_WARN_INT_CONVERSION = YES;
				CLANG_WARN_OBJC_ROOT_CLASS = YES_ERROR;
				CLANG_WARN_UNREACHABLE_CODE = YES;
				CLANG_WARN__DUPLICATE_METHOD_MATCH = YES;
				"CODE_SIGN_IDENTITY[sdk=iphoneos*]" = "iPhone Developer";
				COPY_PHASE_STRIP = NO;
				DEBUG_INFORMATION_FORMAT = "dwarf-with-dsym";
				ENABLE_NS_ASSERTIONS = NO;
				ENABLE_STRICT_OBJC_MSGSEND = YES;
				GCC_C_LANGUAGE_STANDARD = gnu99;
				GCC_NO_COMMON_BLOCKS = YES;
				GCC_WARN_64_TO_32_BIT_CONVERSION = YES;
				GCC_WARN_ABOUT_RETURN_TYPE = YES_ERROR;
				GCC_WARN_UNDECLARED_SELECTOR = YES;
				GCC_WARN_UNINITIALIZED_AUTOS = YES_AGGRESSIVE;
				GCC_WARN_UNUSED_FUNCTION = YES;
				GCC_WARN_UNUSED_VARIABLE = YES;
				IPHONEOS_DEPLOYMENT_TARGET = 8.3;
				MTL_ENABLE_DEBUG_INFO = NO;
				SDKROOT = iphoneos;
				VALIDATE_PRODUCT = YES;
			};
			name = Release;
		};
		9F6865471B3C3FA0002C02E4 /* Debug */ = {
			isa = XCBuildConfiguration;
			buildSettings = {
				ASSETCATALOG_COMPILER_APPICON_NAME = AppIcon;
				INFOPLIST_FILE = TransitEasy/Info.plist;
				LD_RUNPATH_SEARCH_PATHS = "$(inherited) @executable_path/Frameworks";
				PRODUCT_NAME = "$(TARGET_NAME)";
			};
			name = Debug;
		};
		9F6865481B3C3FA0002C02E4 /* Release */ = {
			isa = XCBuildConfiguration;
			buildSettings = {
				ASSETCATALOG_COMPILER_APPICON_NAME = AppIcon;
				INFOPLIST_FILE = TransitEasy/Info.plist;
				LD_RUNPATH_SEARCH_PATHS = "$(inherited) @executable_path/Frameworks";
				PRODUCT_NAME = "$(TARGET_NAME)";
			};
			name = Release;
		};
		9F68654A1B3C3FA0002C02E4 /* Debug */ = {
			isa = XCBuildConfiguration;
			buildSettings = {
				BUNDLE_LOADER = "$(TEST_HOST)";
				FRAMEWORK_SEARCH_PATHS = (
					"$(SDKROOT)/Developer/Library/Frameworks",
					"$(inherited)",
				);
				GCC_PREPROCESSOR_DEFINITIONS = (
					"DEBUG=1",
					"$(inherited)",
				);
				INFOPLIST_FILE = TransitEasyTests/Info.plist;
				LD_RUNPATH_SEARCH_PATHS = "$(inherited) @executable_path/Frameworks @loader_path/Frameworks";
				PRODUCT_NAME = "$(TARGET_NAME)";
				TEST_HOST = "$(BUILT_PRODUCTS_DIR)/TransitEasy.app/TransitEasy";
			};
			name = Debug;
		};
		9F68654B1B3C3FA0002C02E4 /* Release */ = {
			isa = XCBuildConfiguration;
			buildSettings = {
				BUNDLE_LOADER = "$(TEST_HOST)";
				FRAMEWORK_SEARCH_PATHS = (
					"$(SDKROOT)/Developer/Library/Frameworks",
					"$(inherited)",
				);
				INFOPLIST_FILE = TransitEasyTests/Info.plist;
				LD_RUNPATH_SEARCH_PATHS = "$(inherited) @executable_path/Frameworks @loader_path/Frameworks";
				PRODUCT_NAME = "$(TARGET_NAME)";
				TEST_HOST = "$(BUILT_PRODUCTS_DIR)/TransitEasy.app/TransitEasy";
			};
			name = Release;
		};
/* End XCBuildConfiguration section */

/* Begin XCConfigurationList section */
		9F68651E1B3C3FA0002C02E4 /* Build configuration list for PBXProject "TransitEasy" */ = {
			isa = XCConfigurationList;
			buildConfigurations = (
				9F6865441B3C3FA0002C02E4 /* Debug */,
				9F6865451B3C3FA0002C02E4 /* Release */,
			);
			defaultConfigurationIsVisible = 0;
			defaultConfigurationName = Release;
		};
		9F6865461B3C3FA0002C02E4 /* Build configuration list for PBXNativeTarget "TransitEasy" */ = {
			isa = XCConfigurationList;
			buildConfigurations = (
				9F6865471B3C3FA0002C02E4 /* Debug */,
				9F6865481B3C3FA0002C02E4 /* Release */,
			);
			defaultConfigurationIsVisible = 0;
			defaultConfigurationName = Release;
		};
		9F6865491B3C3FA0002C02E4 /* Build configuration list for PBXNativeTarget "TransitEasyTests" */ = {
			isa = XCConfigurationList;
			buildConfigurations = (
				9F68654A1B3C3FA0002C02E4 /* Debug */,
				9F68654B1B3C3FA0002C02E4 /* Release */,
			);
			defaultConfigurationIsVisible = 0;
			defaultConfigurationName = Release;
		};
/* End XCConfigurationList section */
	};
	rootObject = 9F68651B1B3C3FA0002C02E4 /* Project object */;
}
